
Microsoft Visual Studio Solution File, Format Version 12.00
# Visual Studio Version 16
VisualStudioVersion = 16.0.31424.327
MinimumVisualStudioVersion = 10.0.40219.1
Project("{FAE04EC0-301F-11D3-BF4B-00C04F79EFBC}") = "KK_BecomeTrap", "KK_BecomeTrap\KK_BecomeTrap.csproj", "{F47E187C-9A8F-45E7-A778-5057E1D9B3F0}"
EndProject
Project("{FAE04EC0-301F-11D3-BF4B-00C04F79EFBC}") = "AI_ReverseTrap", "AI_ReverseTrap\AI_ReverseTrap.csproj", "{24E7EF57-8992-404A-B9A6-FFB9ABFEB4AB}"
EndProject
Project("{FAE04EC0-301F-11D3-BF4B-00C04F79EFBC}") = "KKS_BecomeTrap", "KKS_BecomeTrap\KKS_BecomeTrap.csproj", "{17A86AC1-76FA-42C6-91D7-F620EAD7597A}"
EndProject
Project("{D954291E-2A0B-460D-934E-DC6B0785DB48}") = "Core_BecomeTrap", "Core_BecomeTrap\Core_BecomeTrap.shproj", "{61D788A9-4435-4D3A-A264-B33F4698BB1D}"
EndProject
Project("{2150E333-8FDC-42A3-9474-1A3956D46DE8}") = "BecomeTrap", "BecomeTrap", "{D397C5EE-29C1-41F2-ABF3-C10D3CE769E0}"
EndProject
Global
	GlobalSection(SharedMSBuildProjectFiles) = preSolution
		Core_BecomeTrap\Core_BecomeTrap.projitems*{17a86ac1-76fa-42c6-91d7-f620ead7597a}*SharedItemsImports = 4
		Core_BecomeTrap\Core_BecomeTrap.projitems*{61d788a9-4435-4d3a-a264-b33f4698bb1d}*SharedItemsImports = 13
		Core_BecomeTrap\Core_BecomeTrap.projitems*{f47e187c-9a8f-45e7-a778-5057e1d9b3f0}*SharedItemsImports = 4
	EndGlobalSection
	GlobalSection(SolutionConfigurationPlatforms) = preSolution
		Debug|Any CPU = Debug|Any CPU
		Release|Any CPU = Release|Any CPU
	EndGlobalSection
	GlobalSection(ProjectConfigurationPlatforms) = postSolution
		{F47E187C-9A8F-45E7-A778-5057E1D9B3F0}.Debug|Any CPU.ActiveCfg = Debug|Any CPU
		{F47E187C-9A8F-45E7-A778-5057E1D9B3F0}.Debug|Any CPU.Build.0 = Debug|Any CPU
		{F47E187C-9A8F-45E7-A778-5057E1D9B3F0}.Release|Any CPU.ActiveCfg = Release|Any CPU
		{F47E187C-9A8F-45E7-A778-5057E1D9B3F0}.Release|Any CPU.Build.0 = Release|Any CPU
		{24E7EF57-8992-404A-B9A6-FFB9ABFEB4AB}.Debug|Any CPU.ActiveCfg = Debug|Any CPU
		{24E7EF57-8992-404A-B9A6-FFB9ABFEB4AB}.Debug|Any CPU.Build.0 = Debug|Any CPU
		{24E7EF57-8992-404A-B9A6-FFB9ABFEB4AB}.Release|Any CPU.ActiveCfg = Release|Any CPU
		{24E7EF57-8992-404A-B9A6-FFB9ABFEB4AB}.Release|Any CPU.Build.0 = Release|Any CPU
		{17A86AC1-76FA-42C6-91D7-F620EAD7597A}.Debug|Any CPU.ActiveCfg = Debug|Any CPU
		{17A86AC1-76FA-42C6-91D7-F620EAD7597A}.Debug|Any CPU.Build.0 = Debug|Any CPU
		{17A86AC1-76FA-42C6-91D7-F620EAD7597A}.Release|Any CPU.ActiveCfg = Release|Any CPU
		{17A86AC1-76FA-42C6-91D7-F620EAD7597A}.Release|Any CPU.Build.0 = Release|Any CPU
	EndGlobalSection
	GlobalSection(SolutionProperties) = preSolution
		HideSolutionNode = FALSE
	EndGlobalSection
	GlobalSection(NestedProjects) = preSolution
		{F47E187C-9A8F-45E7-A778-5057E1D9B3F0} = {D397C5EE-29C1-41F2-ABF3-C10D3CE769E0}
		{17A86AC1-76FA-42C6-91D7-F620EAD7597A} = {D397C5EE-29C1-41F2-ABF3-C10D3CE769E0}
		{61D788A9-4435-4D3A-A264-B33F4698BB1D} = {D397C5EE-29C1-41F2-ABF3-C10D3CE769E0}
	EndGlobalSection
	GlobalSection(ExtensibilityGlobals) = postSolution
		SolutionGuid = {81E6F113-F163-4148-8BFE-CBC2170AFA12}
	EndGlobalSection
EndGlobal
